
Microsoft Visual Studio Solution File, Format Version 12.00
# Visual Studio Version 17
VisualStudioVersion = 17.14.36127.28
MinimumVisualStudioVersion = 10.0.40219.1
Project("{FAE04EC0-301F-11D3-BF4B-00C04F79EFBC}") = "OOP-library-management-system", "OOP-library-management-system\OOP-library-management-system.csproj", "{C068D627-445B-452D-94C4-C500E11D2FFE}"
EndProject
Project("{FAE04EC0-301F-11D3-BF4B-00C04F79EFBC}") = "LibraryMS.Business", "LibraryMS.Business\LibraryMS.Business.csproj", "{349BCE15-7130-4262-B446-FBB0115AFE6F}"
EndProject
Project("{FAE04EC0-301F-11D3-BF4B-00C04F79EFBC}") = "LibraryMS.Data", "LibraryMS.Data\LibraryMS.Data.csproj", "{4A9DAFB4-7024-4173-80CA-C2880E7A5671}"
EndProject
Global
	GlobalSection(SolutionConfigurationPlatforms) = preSolution
		Debug|Any CPU = Debug|Any CPU
		Release|Any CPU = Release|Any CPU
	EndGlobalSection
	GlobalSection(ProjectConfigurationPlatforms) = postSolution
		{C068D627-445B-452D-94C4-C500E11D2FFE}.Debug|Any CPU.ActiveCfg = Debug|Any CPU
		{C068D627-445B-452D-94C4-C500E11D2FFE}.Debug|Any CPU.Build.0 = Debug|Any CPU
		{C068D627-445B-452D-94C4-C500E11D2FFE}.Release|Any CPU.ActiveCfg = Release|Any CPU
		{C068D627-445B-452D-94C4-C500E11D2FFE}.Release|Any CPU.Build.0 = Release|Any CPU
		{349BCE15-7130-4262-B446-FBB0115AFE6F}.Debug|Any CPU.ActiveCfg = Debug|Any CPU
		{349BCE15-7130-4262-B446-FBB0115AFE6F}.Debug|Any CPU.Build.0 = Debug|Any CPU
		{349BCE15-7130-4262-B446-FBB0115AFE6F}.Release|Any CPU.ActiveCfg = Release|Any CPU
		{349BCE15-7130-4262-B446-FBB0115AFE6F}.Release|Any CPU.Build.0 = Release|Any CPU
		{4A9DAFB4-7024-4173-80CA-C2880E7A5671}.Debug|Any CPU.ActiveCfg = Debug|Any CPU
		{4A9DAFB4-7024-4173-80CA-C2880E7A5671}.Debug|Any CPU.Build.0 = Debug|Any CPU
		{4A9DAFB4-7024-4173-80CA-C2880E7A5671}.Release|Any CPU.ActiveCfg = Release|Any CPU
		{4A9DAFB4-7024-4173-80CA-C2880E7A5671}.Release|Any CPU.Build.0 = Release|Any CPU
	EndGlobalSection
	GlobalSection(SolutionProperties) = preSolution
		HideSolutionNode = FALSE
	EndGlobalSection
	GlobalSection(ExtensibilityGlobals) = postSolution
		SolutionGuid = {417B1591-F4D0-4177-83A9-5F9BD79E55DC}
	EndGlobalSection
EndGlobal
